
Microsoft Visual Studio Solution File, Format Version 12.00
# Visual Studio Version 17
VisualStudioVersion = 17.1.32407.343
MinimumVisualStudioVersion = 10.0.40219.1
Project("{FAE04EC0-301F-11D3-BF4B-00C04F79EFBC}") = "AreaCalculator", "AreaCalculator\AreaCalculator.csproj", "{DC514824-8D16-4CE2-94BA-DFBB0317AD21}"
EndProject
Project("{FAE04EC0-301F-11D3-BF4B-00C04F79EFBC}") = "AreaCalculationApp", "AreaCalculationApp\AreaCalculationApp.csproj", "{831C4A3A-1C31-49AC-8175-F283BD0DFA93}"
EndProject
Project("{FAE04EC0-301F-11D3-BF4B-00C04F79EFBC}") = "AreaCalculator.Tests", "AreaCalculator.Tests\AreaCalculator.Tests.csproj", "{FF852A90-2C4E-4989-B96D-6CC0863BB240}"
EndProject
Global
	GlobalSection(SolutionConfigurationPlatforms) = preSolution
		Debug|Any CPU = Debug|Any CPU
		Release|Any CPU = Release|Any CPU
	EndGlobalSection
	GlobalSection(ProjectConfigurationPlatforms) = postSolution
		{DC514824-8D16-4CE2-94BA-DFBB0317AD21}.Debug|Any CPU.ActiveCfg = Debug|Any CPU
		{DC514824-8D16-4CE2-94BA-DFBB0317AD21}.Debug|Any CPU.Build.0 = Debug|Any CPU
		{DC514824-8D16-4CE2-94BA-DFBB0317AD21}.Release|Any CPU.ActiveCfg = Release|Any CPU
		{DC514824-8D16-4CE2-94BA-DFBB0317AD21}.Release|Any CPU.Build.0 = Release|Any CPU
		{831C4A3A-1C31-49AC-8175-F283BD0DFA93}.Debug|Any CPU.ActiveCfg = Debug|Any CPU
		{831C4A3A-1C31-49AC-8175-F283BD0DFA93}.Debug|Any CPU.Build.0 = Debug|Any CPU
		{831C4A3A-1C31-49AC-8175-F283BD0DFA93}.Release|Any CPU.ActiveCfg = Release|Any CPU
		{831C4A3A-1C31-49AC-8175-F283BD0DFA93}.Release|Any CPU.Build.0 = Release|Any CPU
		{FF852A90-2C4E-4989-B96D-6CC0863BB240}.Debug|Any CPU.ActiveCfg = Debug|Any CPU
		{FF852A90-2C4E-4989-B96D-6CC0863BB240}.Debug|Any CPU.Build.0 = Debug|Any CPU
		{FF852A90-2C4E-4989-B96D-6CC0863BB240}.Release|Any CPU.ActiveCfg = Release|Any CPU
		{FF852A90-2C4E-4989-B96D-6CC0863BB240}.Release|Any CPU.Build.0 = Release|Any CPU
	EndGlobalSection
	GlobalSection(SolutionProperties) = preSolution
		HideSolutionNode = FALSE
	EndGlobalSection
	GlobalSection(ExtensibilityGlobals) = postSolution
		SolutionGuid = {B6DE11A3-FDE3-44BA-8979-86197290FD8F}
	EndGlobalSection
EndGlobal
